
Microsoft Visual Studio Solution File, Format Version 12.00
# Visual Studio Version 17
VisualStudioVersion = 17.7.34221.43
MinimumVisualStudioVersion = 10.0.40219.1
Project("{FAE04EC0-301F-11D3-BF4B-00C04F79EFBC}") = "Okcheater", "Okcheater\Okcheater.csproj", "{24C2093E-D879-4E55-B827-B53A5DDCDF03}"
EndProject
Global
	GlobalSection(SolutionConfigurationPlatforms) = preSolution
		Debug|Any CPU = Debug|Any CPU
		Release|Any CPU = Release|Any CPU
	EndGlobalSection
	GlobalSection(ProjectConfigurationPlatforms) = postSolution
		{24C2093E-D879-4E55-B827-B53A5DDCDF03}.Debug|Any CPU.ActiveCfg = Debug|Any CPU
		{24C2093E-D879-4E55-B827-B53A5DDCDF03}.Debug|Any CPU.Build.0 = Debug|Any CPU
		{24C2093E-D879-4E55-B827-B53A5DDCDF03}.Release|Any CPU.ActiveCfg = Release|Any CPU
		{24C2093E-D879-4E55-B827-B53A5DDCDF03}.Release|Any CPU.Build.0 = Release|Any CPU
	EndGlobalSection
	GlobalSection(SolutionProperties) = preSolution
		HideSolutionNode = FALSE
	EndGlobalSection
	GlobalSection(ExtensibilityGlobals) = postSolution
		SolutionGuid = {BC58116B-291A-4B52-9292-A698510567A3}
	EndGlobalSection
EndGlobal
